
Microsoft Visual Studio Solution File, Format Version 12.00
# Visual Studio 15
Project("{FAE04EC0-301F-11D3-BF4B-00C04F79EFBC}") = "Assembly-CSharp", "Assembly-CSharp.csproj", "{CDFFC738-4B4F-156B-31AB-3CFB0966DB44}"
EndProject
Project("{FAE04EC0-301F-11D3-BF4B-00C04F79EFBC}") = "Assembly-CSharp-Editor", "Assembly-CSharp-Editor.csproj", "{414EC62F-7219-EB2D-005D-F76913BB9AAE}"
EndProject
Global
	GlobalSection(SolutionConfigurationPlatforms) = preSolution
		Debug|Any CPU = Debug|Any CPU
		Release|Any CPU = Release|Any CPU
	EndGlobalSection
	GlobalSection(ProjectConfigurationPlatforms) = postSolution
		{CDFFC738-4B4F-156B-31AB-3CFB0966DB44}.Debug|Any CPU.ActiveCfg = Debug|Any CPU
		{CDFFC738-4B4F-156B-31AB-3CFB0966DB44}.Debug|Any CPU.Build.0 = Debug|Any CPU
		{CDFFC738-4B4F-156B-31AB-3CFB0966DB44}.Release|Any CPU.ActiveCfg = Release|Any CPU
		{CDFFC738-4B4F-156B-31AB-3CFB0966DB44}.Release|Any CPU.Build.0 = Release|Any CPU
		{414EC62F-7219-EB2D-005D-F76913BB9AAE}.Debug|Any CPU.ActiveCfg = Debug|Any CPU
		{414EC62F-7219-EB2D-005D-F76913BB9AAE}.Debug|Any CPU.Build.0 = Debug|Any CPU
		{414EC62F-7219-EB2D-005D-F76913BB9AAE}.Release|Any CPU.ActiveCfg = Release|Any CPU
		{414EC62F-7219-EB2D-005D-F76913BB9AAE}.Release|Any CPU.Build.0 = Release|Any CPU
	EndGlobalSection
	GlobalSection(SolutionProperties) = preSolution
		HideSolutionNode = FALSE
	EndGlobalSection
	GlobalSection(MonoDevelopProperties) = preSolution
		StartupItem = Assembly-CSharp.csproj
	EndGlobalSection
EndGlobal
